
Microsoft Visual Studio Solution File, Format Version 12.00
# Visual Studio 14
VisualStudioVersion = 14.0.23107.0
MinimumVisualStudioVersion = 10.0.40219.1
Project("{FAE04EC0-301F-11D3-BF4B-00C04F79EFBC}") = "Tester", "Tester\Tester.csproj", "{C91436AC-5ABB-4183-B281-9D1DDF2AED61}"
EndProject
Project("{FAE04EC0-301F-11D3-BF4B-00C04F79EFBC}") = "Common", "Common\Common.csproj", "{2B49B705-33B0-43F0-8116-0DA64A787C0A}"
EndProject
Project("{FAE04EC0-301F-11D3-BF4B-00C04F79EFBC}") = "CustomControl", "CustomControl\CustomControl.csproj", "{24C459CF-9129-4F6C-AAE7-21D9C3ADA893}"
EndProject
Global
	GlobalSection(SolutionConfigurationPlatforms) = preSolution
		Debug|Any CPU = Debug|Any CPU
		Release|Any CPU = Release|Any CPU
	EndGlobalSection
	GlobalSection(ProjectConfigurationPlatforms) = postSolution
		{C91436AC-5ABB-4183-B281-9D1DDF2AED61}.Debug|Any CPU.ActiveCfg = Debug|Any CPU
		{C91436AC-5ABB-4183-B281-9D1DDF2AED61}.Debug|Any CPU.Build.0 = Debug|Any CPU
		{C91436AC-5ABB-4183-B281-9D1DDF2AED61}.Release|Any CPU.ActiveCfg = Release|Any CPU
		{C91436AC-5ABB-4183-B281-9D1DDF2AED61}.Release|Any CPU.Build.0 = Release|Any CPU
		{2B49B705-33B0-43F0-8116-0DA64A787C0A}.Debug|Any CPU.ActiveCfg = Debug|Any CPU
		{2B49B705-33B0-43F0-8116-0DA64A787C0A}.Debug|Any CPU.Build.0 = Debug|Any CPU
		{2B49B705-33B0-43F0-8116-0DA64A787C0A}.Release|Any CPU.ActiveCfg = Release|Any CPU
		{2B49B705-33B0-43F0-8116-0DA64A787C0A}.Release|Any CPU.Build.0 = Release|Any CPU
		{24C459CF-9129-4F6C-AAE7-21D9C3ADA893}.Debug|Any CPU.ActiveCfg = Debug|Any CPU
		{24C459CF-9129-4F6C-AAE7-21D9C3ADA893}.Debug|Any CPU.Build.0 = Debug|Any CPU
		{24C459CF-9129-4F6C-AAE7-21D9C3ADA893}.Release|Any CPU.ActiveCfg = Release|Any CPU
		{24C459CF-9129-4F6C-AAE7-21D9C3ADA893}.Release|Any CPU.Build.0 = Release|Any CPU
	EndGlobalSection
	GlobalSection(SolutionProperties) = preSolution
		HideSolutionNode = FALSE
	EndGlobalSection
EndGlobal
